
Microsoft Visual Studio Solution File, Format Version 12.00
# Visual Studio Version 16
VisualStudioVersion = 16.0.30225.117
MinimumVisualStudioVersion = 10.0.40219.1
Project("{FAE04EC0-301F-11D3-BF4B-00C04F79EFBC}") = "HueDebugging", "HueDebugging.csproj", "{F3B33A48-735B-4337-864A-CC7D0C269409}"
EndProject
Global
	GlobalSection(SolutionConfigurationPlatforms) = preSolution
		Debug|Any CPU = Debug|Any CPU
		Release|Any CPU = Release|Any CPU
	EndGlobalSection
	GlobalSection(ProjectConfigurationPlatforms) = postSolution
		{F3B33A48-735B-4337-864A-CC7D0C269409}.Debug|Any CPU.ActiveCfg = Debug|Any CPU
		{F3B33A48-735B-4337-864A-CC7D0C269409}.Debug|Any CPU.Build.0 = Debug|Any CPU
		{F3B33A48-735B-4337-864A-CC7D0C269409}.Release|Any CPU.ActiveCfg = Release|Any CPU
		{F3B33A48-735B-4337-864A-CC7D0C269409}.Release|Any CPU.Build.0 = Release|Any CPU
	EndGlobalSection
	GlobalSection(SolutionProperties) = preSolution
		HideSolutionNode = FALSE
	EndGlobalSection
	GlobalSection(ExtensibilityGlobals) = postSolution
		SolutionGuid = {DA105692-035E-401D-AA88-01B067E80CE4}
	EndGlobalSection
EndGlobal
